{
  "name": "practice",
  "version": "0.1.0",
  "lockfileVersion": 1,
  "dependencies": {
    "react-native-navigation-bar": {
      "version": "0.2.1",
      "resolved": "https://registry.npmjs.org/react-native-navigation-bar/-/react-native-navigation-bar-0.2.1.tgz",
      "integrity": "sha1-4l5YV0ISQED/BppppERb6D3ncAA="
    }
  }
}
